
Microsoft Visual Studio Solution File, Format Version 12.00
# Visual Studio Version 17
VisualStudioVersion = 17.13.35931.197 d17.13
MinimumVisualStudioVersion = 10.0.40219.1
Project("{FAE04EC0-301F-11D3-BF4B-00C04F79EFBC}") = "mozijegy", "mozijegy\mozijegy.csproj", "{779D65E5-CD07-49EE-AAA2-E08BAFE8491A}"
EndProject
Global
	GlobalSection(SolutionConfigurationPlatforms) = preSolution
		Debug|Any CPU = Debug|Any CPU
		Release|Any CPU = Release|Any CPU
	EndGlobalSection
	GlobalSection(ProjectConfigurationPlatforms) = postSolution
		{779D65E5-CD07-49EE-AAA2-E08BAFE8491A}.Debug|Any CPU.ActiveCfg = Debug|Any CPU
		{779D65E5-CD07-49EE-AAA2-E08BAFE8491A}.Debug|Any CPU.Build.0 = Debug|Any CPU
		{779D65E5-CD07-49EE-AAA2-E08BAFE8491A}.Release|Any CPU.ActiveCfg = Release|Any CPU
		{779D65E5-CD07-49EE-AAA2-E08BAFE8491A}.Release|Any CPU.Build.0 = Release|Any CPU
	EndGlobalSection
	GlobalSection(SolutionProperties) = preSolution
		HideSolutionNode = FALSE
	EndGlobalSection
	GlobalSection(ExtensibilityGlobals) = postSolution
		SolutionGuid = {C7F5437F-958A-4E5E-A4C2-A06967FA311E}
	EndGlobalSection
EndGlobal
